{
    "name": "sandbox",
    "lockfileVersion": 3,
    "requires": true,
    "packages": {
        "": {
            "dependencies": {
                "react": "18.2.0",
                "react-dom": "18.2.0",
                "vue": "3.3.4"
            },
            "devDependencies": {
                "@types/react": "18.2.21",
                "@types/react-dom": "18.2.7",
                "@yandex/ymaps3-types": "^1.0.15731128",
                "typescript": "5.2.2"
            }
        },
        "node_modules/@babel/helper-string-parser": {
            "version": "7.25.9",
            "resolved": "https://registry.npmjs.org/@babel/helper-string-parser/-/helper-string-parser-7.25.9.tgz",
            "integrity": "sha512-4A/SCr/2KLd5jrtOMFzaKjVtAei3+2r/NChoBNoZ3EyP/+GlhoaEGoWOZUmFmoITP7zOJyHIMm+DYRd8o3PvHA==",
            "license": "MIT",
            "engines": {
                "node": ">=6.9.0"
            }
        },
        "node_modules/@babel/helper-validator-identifier": {
            "version": "7.25.9",
            "resolved": "https://registry.npmjs.org/@babel/helper-validator-identifier/-/helper-validator-identifier-7.25.9.tgz",
            "integrity": "sha512-Ed61U6XJc3CVRfkERJWDz4dJwKe7iLmmJsbOGu9wSloNSFttHV0I8g6UAgb7qnK5ly5bGLPd4oXZlxCdANBOWQ==",
            "license": "MIT",
            "engines": {
                "node": ">=6.9.0"
            }
        },
        "node_modules/@babel/parser": {
            "version": "7.26.8",
            "resolved": "https://registry.npmjs.org/@babel/parser/-/parser-7.26.8.tgz",
            "integrity": "sha512-TZIQ25pkSoaKEYYaHbbxkfL36GNsQ6iFiBbeuzAkLnXayKR1yP1zFe+NxuZWWsUyvt8icPU9CCq0sgWGXR1GEw==",
            "license": "MIT",
            "dependencies": {
                "@babel/types": "^7.26.8"
            },
            "bin": {
                "parser": "bin/babel-parser.js"
            },
            "engines": {
                "node": ">=6.0.0"
            }
        },
        "node_modules/@babel/types": {
            "version": "7.26.8",
            "resolved": "https://registry.npmjs.org/@babel/types/-/types-7.26.8.tgz",
            "integrity": "sha512-eUuWapzEGWFEpHFxgEaBG8e3n6S8L3MSu0oda755rOfabWPnh0Our1AozNFVUxGFIhbKgd1ksprsoDGMinTOTA==",
            "license": "MIT",
            "dependencies": {
                "@babel/helper-string-parser": "^7.25.9",
                "@babel/helper-validator-identifier": "^7.25.9"
            },
            "engines": {
                "node": ">=6.9.0"
            }
        },
        "node_modules/@jridgewell/sourcemap-codec": {
            "version": "1.5.0",
            "resolved": "https://registry.npmjs.org/@jridgewell/sourcemap-codec/-/sourcemap-codec-1.5.0.tgz",
            "integrity": "sha512-gv3ZRaISU3fjPAgNsriBRqGWQL6quFx04YMPW/zD8XMLsU32mhCCbfbO6KZFLjvYpCZ8zyDEgqsgf+PwPaM7GQ==",
            "license": "MIT"
        },
        "node_modules/@types/prop-types": {
            "version": "15.7.14",
            "resolved": "https://registry.npmjs.org/@types/prop-types/-/prop-types-15.7.14.tgz",
            "integrity": "sha512-gNMvNH49DJ7OJYv+KAKn0Xp45p8PLl6zo2YnvDIbTd4J6MER2BmWN49TG7n9LvkyihINxeKW8+3bfS2yDC9dzQ==",
            "dev": true,
            "license": "MIT"
        },
        "node_modules/@types/react": {
            "version": "18.2.21",
            "resolved": "https://registry.npmjs.org/@types/react/-/react-18.2.21.tgz",
            "integrity": "sha512-neFKG/sBAwGxHgXiIxnbm3/AAVQ/cMRS93hvBpg8xYRbeQSPVABp9U2bRnPf0iI4+Ucdv3plSxKK+3CW2ENJxA==",
            "dev": true,
            "license": "MIT",
            "dependencies": {
                "@types/prop-types": "*",
                "@types/scheduler": "*",
                "csstype": "^3.0.2"
            }
        },
        "node_modules/@types/react-dom": {
            "version": "18.2.7",
            "resolved": "https://registry.npmjs.org/@types/react-dom/-/react-dom-18.2.7.tgz",
            "integrity": "sha512-GRaAEriuT4zp9N4p1i8BDBYmEyfo+xQ3yHjJU4eiK5NDa1RmUZG+unZABUTK4/Ox/M+GaHwb6Ow8rUITrtjszA==",
            "dev": true,
            "license": "MIT",
            "dependencies": {
                "@types/react": "*"
            }
        },
        "node_modules/@types/scheduler": {
            "version": "0.23.0",
            "resolved": "https://registry.npmjs.org/@types/scheduler/-/scheduler-0.23.0.tgz",
            "integrity": "sha512-YIoDCTH3Af6XM5VuwGG/QL/CJqga1Zm3NkU3HZ4ZHK2fRMPYP1VczsTUqtsf43PH/iJNVlPHAo2oWX7BSdB2Hw==",
            "dev": true,
            "license": "MIT"
        },
        "node_modules/@vue/compiler-core": {
            "version": "3.3.4",
            "resolved": "https://registry.npmjs.org/@vue/compiler-core/-/compiler-core-3.3.4.tgz",
            "integrity": "sha512-cquyDNvZ6jTbf/+x+AgM2Arrp6G4Dzbb0R64jiG804HRMfRiFXWI6kqUVqZ6ZR0bQhIoQjB4+2bhNtVwndW15g==",
            "license": "MIT",
            "dependencies": {
                "@babel/parser": "^7.21.3",
                "@vue/shared": "3.3.4",
                "estree-walker": "^2.0.2",
                "source-map-js": "^1.0.2"
            }
        },
        "node_modules/@vue/compiler-dom": {
            "version": "3.3.4",
            "resolved": "https://registry.npmjs.org/@vue/compiler-dom/-/compiler-dom-3.3.4.tgz",
            "integrity": "sha512-wyM+OjOVpuUukIq6p5+nwHYtj9cFroz9cwkfmP9O1nzH68BenTTv0u7/ndggT8cIQlnBeOo6sUT/gvHcIkLA5w==",
            "license": "MIT",
            "dependencies": {
                "@vue/compiler-core": "3.3.4",
                "@vue/shared": "3.3.4"
            }
        },
        "node_modules/@vue/compiler-sfc": {
            "version": "3.3.4",
            "resolved": "https://registry.npmjs.org/@vue/compiler-sfc/-/compiler-sfc-3.3.4.tgz",
            "integrity": "sha512-6y/d8uw+5TkCuzBkgLS0v3lSM3hJDntFEiUORM11pQ/hKvkhSKZrXW6i69UyXlJQisJxuUEJKAWEqWbWsLeNKQ==",
            "license": "MIT",
            "dependencies": {
                "@babel/parser": "^7.20.15",
                "@vue/compiler-core": "3.3.4",
                "@vue/compiler-dom": "3.3.4",
                "@vue/compiler-ssr": "3.3.4",
                "@vue/reactivity-transform": "3.3.4",
                "@vue/shared": "3.3.4",
                "estree-walker": "^2.0.2",
                "magic-string": "^0.30.0",
                "postcss": "^8.1.10",
                "source-map-js": "^1.0.2"
            }
        },
        "node_modules/@vue/compiler-ssr": {
            "version": "3.3.4",
            "resolved": "https://registry.npmjs.org/@vue/compiler-ssr/-/compiler-ssr-3.3.4.tgz",
            "integrity": "sha512-m0v6oKpup2nMSehwA6Uuu+j+wEwcy7QmwMkVNVfrV9P2qE5KshC6RwOCq8fjGS/Eak/uNb8AaWekfiXxbBB6gQ==",
            "license": "MIT",
            "dependencies": {
                "@vue/compiler-dom": "3.3.4",
                "@vue/shared": "3.3.4"
            }
        },
        "node_modules/@vue/reactivity": {
            "version": "3.3.4",
            "resolved": "https://registry.npmjs.org/@vue/reactivity/-/reactivity-3.3.4.tgz",
            "integrity": "sha512-kLTDLwd0B1jG08NBF3R5rqULtv/f8x3rOFByTDz4J53ttIQEDmALqKqXY0J+XQeN0aV2FBxY8nJDf88yvOPAqQ==",
            "license": "MIT",
            "dependencies": {
                "@vue/shared": "3.3.4"
            }
        },
        "node_modules/@vue/reactivity-transform": {
            "version": "3.3.4",
            "resolved": "https://registry.npmjs.org/@vue/reactivity-transform/-/reactivity-transform-3.3.4.tgz",
            "integrity": "sha512-MXgwjako4nu5WFLAjpBnCj/ieqcjE2aJBINUNQzkZQfzIZA4xn+0fV1tIYBJvvva3N3OvKGofRLvQIwEQPpaXw==",
            "license": "MIT",
            "dependencies": {
                "@babel/parser": "^7.20.15",
                "@vue/compiler-core": "3.3.4",
                "@vue/shared": "3.3.4",
                "estree-walker": "^2.0.2",
                "magic-string": "^0.30.0"
            }
        },
        "node_modules/@vue/runtime-core": {
            "version": "3.3.4",
            "resolved": "https://registry.npmjs.org/@vue/runtime-core/-/runtime-core-3.3.4.tgz",
            "integrity": "sha512-R+bqxMN6pWO7zGI4OMlmvePOdP2c93GsHFM/siJI7O2nxFRzj55pLwkpCedEY+bTMgp5miZ8CxfIZo3S+gFqvA==",
            "license": "MIT",
            "dependencies": {
                "@vue/reactivity": "3.3.4",
                "@vue/shared": "3.3.4"
            }
        },
        "node_modules/@vue/runtime-dom": {
            "version": "3.3.4",
            "resolved": "https://registry.npmjs.org/@vue/runtime-dom/-/runtime-dom-3.3.4.tgz",
            "integrity": "sha512-Aj5bTJ3u5sFsUckRghsNjVTtxZQ1OyMWCr5dZRAPijF/0Vy4xEoRCwLyHXcj4D0UFbJ4lbx3gPTgg06K/GnPnQ==",
            "license": "MIT",
            "dependencies": {
                "@vue/runtime-core": "3.3.4",
                "@vue/shared": "3.3.4",
                "csstype": "^3.1.1"
            }
        },
        "node_modules/@vue/server-renderer": {
            "version": "3.3.4",
            "resolved": "https://registry.npmjs.org/@vue/server-renderer/-/server-renderer-3.3.4.tgz",
            "integrity": "sha512-Q6jDDzR23ViIb67v+vM1Dqntu+HUexQcsWKhhQa4ARVzxOY2HbC7QRW/ggkDBd5BU+uM1sV6XOAP0b216o34JQ==",
            "license": "MIT",
            "dependencies": {
                "@vue/compiler-ssr": "3.3.4",
                "@vue/shared": "3.3.4"
            },
            "peerDependencies": {
                "vue": "3.3.4"
            }
        },
        "node_modules/@vue/shared": {
            "version": "3.3.4",
            "resolved": "https://registry.npmjs.org/@vue/shared/-/shared-3.3.4.tgz",
            "integrity": "sha512-7OjdcV8vQ74eiz1TZLzZP4JwqM5fA94K6yntPS5Z25r9HDuGNzaGdgvwKYq6S+MxwF0TFRwe50fIR/MYnakdkQ==",
            "license": "MIT"
        },
        "node_modules/@yandex/ymaps3-types": {
            "version": "1.0.15731128",
            "resolved": "https://registry.npmjs.org/@yandex/ymaps3-types/-/ymaps3-types-1.0.15731128.tgz",
            "integrity": "sha512-MMfxh4IM7wPTkmRxoZhIOY91yoRvFNO3Fk1urTqwH2pqF7Fhli2tb5Gdv1YoOPlacHyxl2BYxKHGOMzNrDZqQg==",
            "dev": true,
            "license": "Apache-2.0",
            "peerDependencies": {
                "@types/react": "16-18",
                "@types/react-dom": "16-18",
                "@vue/runtime-core": "3"
            },
            "peerDependenciesMeta": {
                "@types/react": {
                    "optional": true
                },
                "@types/react-dom": {
                    "optional": true
                },
                "@vue/runtime-core": {
                    "optional": true
                }
            }
        },
        "node_modules/csstype": {
            "version": "3.1.3",
            "resolved": "https://registry.npmjs.org/csstype/-/csstype-3.1.3.tgz",
            "integrity": "sha512-M1uQkMl8rQK/szD0LNhtqxIPLpimGm8sOBwU7lLnCpSbTyY3yeU1Vc7l4KT5zT4s/yOxHH5O7tIuuLOCnLADRw==",
            "license": "MIT"
        },
        "node_modules/estree-walker": {
            "version": "2.0.2",
            "resolved": "https://registry.npmjs.org/estree-walker/-/estree-walker-2.0.2.tgz",
            "integrity": "sha512-Rfkk/Mp/DL7JVje3u18FxFujQlTNR2q6QfMSMB7AvCBx91NGj/ba3kCfza0f6dVDbw7YlRf/nDrn7pQrCCyQ/w==",
            "license": "MIT"
        },
        "node_modules/js-tokens": {
            "version": "4.0.0",
            "resolved": "https://registry.npmjs.org/js-tokens/-/js-tokens-4.0.0.tgz",
            "integrity": "sha512-RdJUflcE3cUzKiMqQgsCu06FPu9UdIJO0beYbPhHN4k6apgJtifcoCtT9bcxOpYBtpD2kCM6Sbzg4CausW/PKQ==",
            "license": "MIT"
        },
        "node_modules/loose-envify": {
            "version": "1.4.0",
            "resolved": "https://registry.npmjs.org/loose-envify/-/loose-envify-1.4.0.tgz",
            "integrity": "sha512-lyuxPGr/Wfhrlem2CL/UcnUc1zcqKAImBDzukY7Y5F/yQiNdko6+fRLevlw1HgMySw7f611UIY408EtxRSoK3Q==",
            "license": "MIT",
            "dependencies": {
                "js-tokens": "^3.0.0 || ^4.0.0"
            },
            "bin": {
                "loose-envify": "cli.js"
            }
        },
        "node_modules/magic-string": {
            "version": "0.30.17",
            "resolved": "https://registry.npmjs.org/magic-string/-/magic-string-0.30.17.tgz",
            "integrity": "sha512-sNPKHvyjVf7gyjwS4xGTaW/mCnF8wnjtifKBEhxfZ7E/S8tQ0rssrwGNn6q8JH/ohItJfSQp9mBtQYuTlH5QnA==",
            "license": "MIT",
            "dependencies": {
                "@jridgewell/sourcemap-codec": "^1.5.0"
            }
        },
        "node_modules/nanoid": {
            "version": "3.3.8",
            "resolved": "https://registry.npmjs.org/nanoid/-/nanoid-3.3.8.tgz",
            "integrity": "sha512-WNLf5Sd8oZxOm+TzppcYk8gVOgP+l58xNy58D0nbUnOxOWRWvlcCV4kUF7ltmI6PsrLl/BgKEyS4mqsGChFN0w==",
            "funding": [
                {
                    "type": "github",
                    "url": "https://github.com/sponsors/ai"
                }
            ],
            "license": "MIT",
            "bin": {
                "nanoid": "bin/nanoid.cjs"
            },
            "engines": {
                "node": "^10 || ^12 || ^13.7 || ^14 || >=15.0.1"
            }
        },
        "node_modules/picocolors": {
            "version": "1.1.1",
            "resolved": "https://registry.npmjs.org/picocolors/-/picocolors-1.1.1.tgz",
            "integrity": "sha512-xceH2snhtb5M9liqDsmEw56le376mTZkEX/jEb/RxNFyegNul7eNslCXP9FDj/Lcu0X8KEyMceP2ntpaHrDEVA==",
            "license": "ISC"
        },
        "node_modules/postcss": {
            "version": "8.5.2",
            "resolved": "https://registry.npmjs.org/postcss/-/postcss-8.5.2.tgz",
            "integrity": "sha512-MjOadfU3Ys9KYoX0AdkBlFEF1Vx37uCCeN4ZHnmwm9FfpbsGWMZeBLMmmpY+6Ocqod7mkdZ0DT31OlbsFrLlkA==",
            "funding": [
                {
                    "type": "opencollective",
                    "url": "https://opencollective.com/postcss/"
                },
                {
                    "type": "tidelift",
                    "url": "https://tidelift.com/funding/github/npm/postcss"
                },
                {
                    "type": "github",
                    "url": "https://github.com/sponsors/ai"
                }
            ],
            "license": "MIT",
            "dependencies": {
                "nanoid": "^3.3.8",
                "picocolors": "^1.1.1",
                "source-map-js": "^1.2.1"
            },
            "engines": {
                "node": "^10 || ^12 || >=14"
            }
        },
        "node_modules/react": {
            "version": "18.2.0",
            "resolved": "https://registry.npmjs.org/react/-/react-18.2.0.tgz",
            "integrity": "sha512-/3IjMdb2L9QbBdWiW5e3P2/npwMBaU9mHCSCUzNln0ZCYbcfTsGbTJrU/kGemdH2IWmB2ioZ+zkxtmq6g09fGQ==",
            "license": "MIT",
            "dependencies": {
                "loose-envify": "^1.1.0"
            },
            "engines": {
                "node": ">=0.10.0"
            }
        },
        "node_modules/react-dom": {
            "version": "18.2.0",
            "resolved": "https://registry.npmjs.org/react-dom/-/react-dom-18.2.0.tgz",
            "integrity": "sha512-6IMTriUmvsjHUjNtEDudZfuDQUoWXVxKHhlEGSk81n4YFS+r/Kl99wXiwlVXtPBtJenozv2P+hxDsw9eA7Xo6g==",
            "license": "MIT",
            "dependencies": {
                "loose-envify": "^1.1.0",
                "scheduler": "^0.23.0"
            },
            "peerDependencies": {
                "react": "^18.2.0"
            }
        },
        "node_modules/scheduler": {
            "version": "0.23.2",
            "resolved": "https://registry.npmjs.org/scheduler/-/scheduler-0.23.2.tgz",
            "integrity": "sha512-UOShsPwz7NrMUqhR6t0hWjFduvOzbtv7toDH1/hIrfRNIDBnnBWd0CwJTGvTpngVlmwGCdP9/Zl/tVrDqcuYzQ==",
            "license": "MIT",
            "dependencies": {
                "loose-envify": "^1.1.0"
            }
        },
        "node_modules/source-map-js": {
            "version": "1.2.1",
            "resolved": "https://registry.npmjs.org/source-map-js/-/source-map-js-1.2.1.tgz",
            "integrity": "sha512-UXWMKhLOwVKb728IUtQPXxfYU+usdybtUrK/8uGE8CQMvrhOpwvzDBwj0QhSL7MQc7vIsISBG8VQ8+IDQxpfQA==",
            "license": "BSD-3-Clause",
            "engines": {
                "node": ">=0.10.0"
            }
        },
        "node_modules/typescript": {
            "version": "5.2.2",
            "resolved": "https://registry.npmjs.org/typescript/-/typescript-5.2.2.tgz",
            "integrity": "sha512-mI4WrpHsbCIcwT9cF4FZvr80QUeKvsUsUvKDoR+X/7XHQH98xYD8YHZg7ANtz2GtZt/CBq2QJ0thkGJMHfqc1w==",
            "dev": true,
            "license": "Apache-2.0",
            "bin": {
                "tsc": "bin/tsc",
                "tsserver": "bin/tsserver"
            },
            "engines": {
                "node": ">=14.17"
            }
        },
        "node_modules/vue": {
            "version": "3.3.4",
            "resolved": "https://registry.npmjs.org/vue/-/vue-3.3.4.tgz",
            "integrity": "sha512-VTyEYn3yvIeY1Py0WaYGZsXnz3y5UnGi62GjVEqvEGPl6nxbOrCXbVOTQWBEJUqAyTUk2uJ5JLVnYJ6ZzGbrSw==",
            "license": "MIT",
            "dependencies": {
                "@vue/compiler-dom": "3.3.4",
                "@vue/compiler-sfc": "3.3.4",
                "@vue/runtime-dom": "3.3.4",
                "@vue/server-renderer": "3.3.4",
                "@vue/shared": "3.3.4"
            }
        }
    }
}
